{
  "name": "@storyous/features",
  "version": "1.2.0",
  "dependencies": {
    "co": {
      "version": "4.6.0",
      "from": "co@>=4.6.0 <5.0.0",
      "resolved": "https://registry.npmjs.org/co/-/co-4.6.0.tgz"
    },
    "cronious": {
      "version": "1.6.0",
      "from": "cronious@latest",
      "resolved": "https://registry.npmjs.org/cronious/-/cronious-1.6.0.tgz"
    },
    "encoding": {
      "version": "0.1.12",
      "from": "encoding@>=0.1.11 <0.2.0",
      "resolved": "https://registry.npmjs.org/encoding/-/encoding-0.1.12.tgz"
    },
    "iconv-lite": {
      "version": "0.4.18",
      "from": "iconv-lite@>=0.4.13 <0.5.0",
      "resolved": "https://registry.npmjs.org/iconv-lite/-/iconv-lite-0.4.18.tgz"
    },
    "is-stream": {
      "version": "1.1.0",
      "from": "is-stream@>=1.0.1 <2.0.0",
      "resolved": "https://registry.npmjs.org/is-stream/-/is-stream-1.1.0.tgz"
    },
    "node-fetch": {
      "version": "1.7.1",
      "from": "node-fetch@>=1.6.3 <2.0.0",
      "resolved": "https://registry.npmjs.org/node-fetch/-/node-fetch-1.7.1.tgz"
    }
  }
}
